PODS:
  - CameraManager (5.1.3)
  - SnapKit (5.0.1)

DEPENDENCIES:
  - CameraManager (~> 5.1)
  - SnapKit (~> 5.0.0)

SPEC REPOS:
  trunk:
    - CameraManager
    - SnapKit

SPEC CHECKSUMS:
  CameraManager: 73936a52093081ba5e44914e8120ab511360f5d4
  SnapKit: 97b92857e3df3a0c71833cce143274bf6ef8e5eb

PODFILE CHECKSUM: 8b3b55502004df05656c9c548b50ba445d7c7d62

COCOAPODS: 1.11.2
