// !$*UTF8*$!
{
	archiveVersion = 1;
	classes = {
	};
	objectVersion = 55;
	objects = {

/* Begin PBXBuildFile section */
		6131F53A27394A8C00A82704 /* AppDelegate.swift in Sources */ = {isa = PBXBuildFile; fileRef = 6131F53927394A8C00A82704 /* AppDelegate.swift */; };
		6131F53C27394A8C00A82704 /* SceneDelegate.swift in Sources */ = {isa = PBXBuildFile; fileRef = 6131F53B27394A8C00A82704 /* SceneDelegate.swift */; };
		6131F53E27394A8C00A82704 /* HomeViewController.swift in Sources */ = {isa = PBXBuildFile; fileRef = 6131F53D27394A8C00A82704 /* HomeViewController.swift */; };
		6131F54327394A8F00A82704 /* Assets.xcassets in Resources */ = {isa = PBXBuildFile; fileRef = 6131F54227394A8F00A82704 /* Assets.xcassets */; };
		6131F55427396A8000A82704 /* SnapKit in Frameworks */ = {isa = PBXBuildFile; productRef = 6131F55327396A8000A82704 /* SnapKit */; };
		61DE48C3274A942D00D0FBE5 /* UIColor+.swift in Sources */ = {isa = PBXBuildFile; fileRef = 61DE48C2274A942D00D0FBE5 /* UIColor+.swift */; };
		63A9AB8B45677113C214B367 /* Pods_natureza.framework in Frameworks */ = {isa = PBXBuildFile; fileRef = 90FC692D58A52B88DEFF14F4 /* Pods_natureza.framework */; };
		7510296D273E992D009A29D8 /* CameraViewModel.swift in Sources */ = {isa = PBXBuildFile; fileRef = 7510296C273E992D009A29D8 /* CameraViewModel.swift */; };
		754219852743DADE00A40327 /* AfterShotViewController.swift in Sources */ = {isa = PBXBuildFile; fileRef = 754219842743DADE00A40327 /* AfterShotViewController.swift */; };
		755BB4CE273A9EC10055563A /* HomeCollectionView.swift in Sources */ = {isa = PBXBuildFile; fileRef = 755BB4CD273A9EC10055563A /* HomeCollectionView.swift */; };
		755BB4D0273AA0990055563A /* HomeCollectionViewCell.swift in Sources */ = {isa = PBXBuildFile; fileRef = 755BB4CF273AA0990055563A /* HomeCollectionViewCell.swift */; };
		756384DD273BEE47001D1FBC /* CameraViewController.swift in Sources */ = {isa = PBXBuildFile; fileRef = 756384DC273BEE47001D1FBC /* CameraViewController.swift */; };
		759941ED2744524B00580D14 /* CollectionModel.swift in Sources */ = {isa = PBXBuildFile; fileRef = 759941EC2744524B00580D14 /* CollectionModel.swift */; };
		759941EF27445F4E00580D14 /* AfterShotViewModel.swift in Sources */ = {isa = PBXBuildFile; fileRef = 759941EE27445F4E00580D14 /* AfterShotViewModel.swift */; };
		759941F22745291C00580D14 /* FIleManagerServices.swift in Sources */ = {isa = PBXBuildFile; fileRef = 759941F12745291C00580D14 /* FIleManagerServices.swift */; };
		75E7F8382745440900D5AAB3 /* CollectionViewModel.swift in Sources */ = {isa = PBXBuildFile; fileRef = 75E7F8372745440900D5AAB3 /* CollectionViewModel.swift */; };
		9A074DFE274BC67300B39D53 /* OnboardingViewController.swift in Sources */ = {isa = PBXBuildFile; fileRef = 9A074DFD274BC67300B39D53 /* OnboardingViewController.swift */; };
		9A19CDA02751040C00627A1D /* Natour-Onboarding-Parte1.mp4 in Resources */ = {isa = PBXBuildFile; fileRef = 9A2834F9274FC86600DC2D77 /* Natour-Onboarding-Parte1.mp4 */; };
		9A19CDA127510EBA00627A1D /* Natour-Onboarding-Parte2.mp4 in Resources */ = {isa = PBXBuildFile; fileRef = 9A2834FA274FC86700DC2D77 /* Natour-Onboarding-Parte2.mp4 */; };
		9A19CDA227510EBF00627A1D /* Natour-Onboarding-Parte3.mp4 in Resources */ = {isa = PBXBuildFile; fileRef = 9A2834F8274FC86600DC2D77 /* Natour-Onboarding-Parte3.mp4 */; };
		9A3030972751408200E74B68 /* LaunchScreen.swift in Sources */ = {isa = PBXBuildFile; fileRef = 9A3030962751408200E74B68 /* LaunchScreen.swift */; };
		9A3DB5732745419200D4AD3F /* TabBarViewController.swift in Sources */ = {isa = PBXBuildFile; fileRef = 9A3DB5722745419200D4AD3F /* TabBarViewController.swift */; };
/* End PBXBuildFile section */

/* Begin PBXFileReference section */
		6131F53627394A8C00A82704 /* natureza.app */ = {isa = PBXFileReference; explicitFileType = wrapper.application; includeInIndex = 0; path = natureza.app; sourceTree = BUILT_PRODUCTS_DIR; };
		6131F53927394A8C00A82704 /* AppDelegate.swift */ = {isa = PBXFileReference; lastKnownFileType = sourcecode.swift; path = AppDelegate.swift; sourceTree = "<group>"; };
		6131F53B27394A8C00A82704 /* SceneDelegate.swift */ = {isa = PBXFileReference; lastKnownFileType = sourcecode.swift; path = SceneDelegate.swift; sourceTree = "<group>"; };
		6131F53D27394A8C00A82704 /* HomeViewController.swift */ = {isa = PBXFileReference; lastKnownFileType = sourcecode.swift; path = HomeViewController.swift; sourceTree = "<group>"; };
		6131F54227394A8F00A82704 /* Assets.xcassets */ = {isa = PBXFileReference; lastKnownFileType = folder.assetcatalog; path = Assets.xcassets; sourceTree = "<group>"; };
		6131F54727394A8F00A82704 /* Info.plist */ = {isa = PBXFileReference; lastKnownFileType = text.plist.xml; path = Info.plist; sourceTree = "<group>"; };
		61DE48C2274A942D00D0FBE5 /* UIColor+.swift */ = {isa = PBXFileReference; lastKnownFileType = sourcecode.swift; path = "UIColor+.swift"; sourceTree = "<group>"; };
		7510296C273E992D009A29D8 /* CameraViewModel.swift */ = {isa = PBXFileReference; lastKnownFileType = sourcecode.swift; path = CameraViewModel.swift; sourceTree = "<group>"; };
		754219842743DADE00A40327 /* AfterShotViewController.swift */ = {isa = PBXFileReference; lastKnownFileType = sourcecode.swift; path = AfterShotViewController.swift; sourceTree = "<group>"; };
		755BB4CD273A9EC10055563A /* HomeCollectionView.swift */ = {isa = PBXFileReference; lastKnownFileType = sourcecode.swift; path = HomeCollectionView.swift; sourceTree = "<group>"; };
		755BB4CF273AA0990055563A /* HomeCollectionViewCell.swift */ = {isa = PBXFileReference; lastKnownFileType = sourcecode.swift; path = HomeCollectionViewCell.swift; sourceTree = "<group>"; };
		756384DC273BEE47001D1FBC /* CameraViewController.swift */ = {isa = PBXFileReference; lastKnownFileType = sourcecode.swift; path = CameraViewController.swift; sourceTree = "<group>"; };
		759941EC2744524B00580D14 /* CollectionModel.swift */ = {isa = PBXFileReference; lastKnownFileType = sourcecode.swift; path = CollectionModel.swift; sourceTree = "<group>"; };
		759941EE27445F4E00580D14 /* AfterShotViewModel.swift */ = {isa = PBXFileReference; lastKnownFileType = sourcecode.swift; path = AfterShotViewModel.swift; sourceTree = "<group>"; };
		759941F12745291C00580D14 /* FIleManagerServices.swift */ = {isa = PBXFileReference; lastKnownFileType = sourcecode.swift; path = FIleManagerServices.swift; sourceTree = "<group>"; };
		75E7F8372745440900D5AAB3 /* CollectionViewModel.swift */ = {isa = PBXFileReference; lastKnownFileType = sourcecode.swift; path = CollectionViewModel.swift; sourceTree = "<group>"; };
		90FC692D58A52B88DEFF14F4 /* Pods_natureza.framework */ = {isa = PBXFileReference; explicitFileType = wrapper.framework; includeInIndex = 0; path = Pods_natureza.framework; sourceTree = BUILT_PRODUCTS_DIR; };
		9A074DFD274BC67300B39D53 /* OnboardingViewController.swift */ = {isa = PBXFileReference; lastKnownFileType = sourcecode.swift; path = OnboardingViewController.swift; sourceTree = "<group>"; };
		9A2834F8274FC86600DC2D77 /* Natour-Onboarding-Parte3.mp4 */ = {isa = PBXFileReference; lastKnownFileType = file; path = "Natour-Onboarding-Parte3.mp4"; sourceTree = "<group>"; };
		9A2834F9274FC86600DC2D77 /* Natour-Onboarding-Parte1.mp4 */ = {isa = PBXFileReference; lastKnownFileType = file; path = "Natour-Onboarding-Parte1.mp4"; sourceTree = "<group>"; };
		9A2834FA274FC86700DC2D77 /* Natour-Onboarding-Parte2.mp4 */ = {isa = PBXFileReference; lastKnownFileType = file; path = "Natour-Onboarding-Parte2.mp4"; sourceTree = "<group>"; };
		9A3030962751408200E74B68 /* LaunchScreen.swift */ = {isa = PBXFileReference; lastKnownFileType = sourcecode.swift; path = LaunchScreen.swift; sourceTree = "<group>"; };
		9A3DB5722745419200D4AD3F /* TabBarViewController.swift */ = {isa = PBXFileReference; lastKnownFileType = sourcecode.swift; path = TabBarViewController.swift; sourceTree = "<group>"; };
		BACB4279A0495528882EDA81 /* Pods-natureza.debug.xcconfig */ = {isa = PBXFileReference; includeInIndex = 1; lastKnownFileType = text.xcconfig; name = "Pods-natureza.debug.xcconfig"; path = "Target Support Files/Pods-natureza/Pods-natureza.debug.xcconfig"; sourceTree = "<group>"; };
		F719093FF9D94F525D863EF7 /* Pods-natureza.release.xcconfig */ = {isa = PBXFileReference; includeInIndex = 1; lastKnownFileType = text.xcconfig; name = "Pods-natureza.release.xcconfig"; path = "Target Support Files/Pods-natureza/Pods-natureza.release.xcconfig"; sourceTree = "<group>"; };
/* End PBXFileReference section */

/* Begin PBXFrameworksBuildPhase section */
		6131F53327394A8C00A82704 /* Frameworks */ = {
			isa = PBXFrameworksBuildPhase;
			buildActionMask = 2147483647;
			files = (
				6131F55427396A8000A82704 /* SnapKit in Frameworks */,
				63A9AB8B45677113C214B367 /* Pods_natureza.framework in Frameworks */,
			);
			runOnlyForDeploymentPostprocessing = 0;
		};
/* End PBXFrameworksBuildPhase section */

/* Begin PBXGroup section */
		01AE145091F1E5CFC7C6B66D /* Frameworks */ = {
			isa = PBXGroup;
			children = (
				90FC692D58A52B88DEFF14F4 /* Pods_natureza.framework */,
			);
			name = Frameworks;
			sourceTree = "<group>";
		};
		6131F52D27394A8C00A82704 = {
			isa = PBXGroup;
			children = (
				6131F53827394A8C00A82704 /* natureza */,
				6131F53727394A8C00A82704 /* Products */,
				91355BA70827DB49F02A370F /* Pods */,
				01AE145091F1E5CFC7C6B66D /* Frameworks */,
			);
			sourceTree = "<group>";
		};
		6131F53727394A8C00A82704 /* Products */ = {
			isa = PBXGroup;
			children = (
				6131F53627394A8C00A82704 /* natureza.app */,
			);
			name = Products;
			sourceTree = "<group>";
		};
		6131F53827394A8C00A82704 /* natureza */ = {
			isa = PBXGroup;
			children = (
				6131F53927394A8C00A82704 /* AppDelegate.swift */,
				6131F53B27394A8C00A82704 /* SceneDelegate.swift */,
				9A3DB5722745419200D4AD3F /* TabBarViewController.swift */,
				9A2834FA274FC86700DC2D77 /* Natour-Onboarding-Parte2.mp4 */,
				9A2834F8274FC86600DC2D77 /* Natour-Onboarding-Parte3.mp4 */,
				759941E6274451D600580D14 /* Gallery */,
				756384DB273BEDAE001D1FBC /* Camera */,
				61DE48C1274A940B00D0FBE5 /* Extensions */,
				6131F54727394A8F00A82704 /* Info.plist */,
				6131F54227394A8F00A82704 /* Assets.xcassets */,
				9A074DFD274BC67300B39D53 /* OnboardingViewController.swift */,
				9A2834F9274FC86600DC2D77 /* Natour-Onboarding-Parte1.mp4 */,
				9A3030962751408200E74B68 /* LaunchScreen.swift */,
			);
			path = natureza;
			sourceTree = "<group>";
		};
		61DE48C1274A940B00D0FBE5 /* Extensions */ = {
			isa = PBXGroup;
			children = (
				61DE48C2274A942D00D0FBE5 /* UIColor+.swift */,
			);
			path = Extensions;
			sourceTree = "<group>";
		};
		756384DB273BEDAE001D1FBC /* Camera */ = {
			isa = PBXGroup;
			children = (
				75F2763A274329F10036F6A6 /* VMs */,
				75F27639274329DA0036F6A6 /* Views */,
			);
			path = Camera;
			sourceTree = "<group>";
		};
		759941E6274451D600580D14 /* Gallery */ = {
			isa = PBXGroup;
			children = (
				759941F0274528E600580D14 /* Services */,
				759941EB2744520E00580D14 /* Models */,
				759941EA2744520300580D14 /* Views */,
			);
			path = Gallery;
			sourceTree = "<group>";
		};
		759941E9274451FD00580D14 /* VMs */ = {
			isa = PBXGroup;
			children = (
				75E7F8372745440900D5AAB3 /* CollectionViewModel.swift */,
			);
			path = VMs;
			sourceTree = "<group>";
		};
		759941EA2744520300580D14 /* Views */ = {
			isa = PBXGroup;
			children = (
				755BB4CF273AA0990055563A /* HomeCollectionViewCell.swift */,
				6131F53D27394A8C00A82704 /* HomeViewController.swift */,
				755BB4CD273A9EC10055563A /* HomeCollectionView.swift */,
				759941E9274451FD00580D14 /* VMs */,
			);
			path = Views;
			sourceTree = "<group>";
		};
		759941EB2744520E00580D14 /* Models */ = {
			isa = PBXGroup;
			children = (
				759941EC2744524B00580D14 /* CollectionModel.swift */,
			);
			path = Models;
			sourceTree = "<group>";
		};
		759941F0274528E600580D14 /* Services */ = {
			isa = PBXGroup;
			children = (
				759941F12745291C00580D14 /* FIleManagerServices.swift */,
			);
			path = Services;
			sourceTree = "<group>";
		};
		75F27639274329DA0036F6A6 /* Views */ = {
			isa = PBXGroup;
			children = (
				756384DC273BEE47001D1FBC /* CameraViewController.swift */,
				754219842743DADE00A40327 /* AfterShotViewController.swift */,
			);
			path = Views;
			sourceTree = "<group>";
		};
		75F2763A274329F10036F6A6 /* VMs */ = {
			isa = PBXGroup;
			children = (
				7510296C273E992D009A29D8 /* CameraViewModel.swift */,
				759941EE27445F4E00580D14 /* AfterShotViewModel.swift */,
			);
			path = VMs;
			sourceTree = "<group>";
		};
		91355BA70827DB49F02A370F /* Pods */ = {
			isa = PBXGroup;
			children = (
				BACB4279A0495528882EDA81 /* Pods-natureza.debug.xcconfig */,
				F719093FF9D94F525D863EF7 /* Pods-natureza.release.xcconfig */,
			);
			path = Pods;
			sourceTree = "<group>";
		};
/* End PBXGroup section */

/* Begin PBXNativeTarget section */
		6131F53527394A8C00A82704 /* natureza */ = {
			isa = PBXNativeTarget;
			buildConfigurationList = 6131F54A27394A8F00A82704 /* Build configuration list for PBXNativeTarget "natureza" */;
			buildPhases = (
				36D5432568E4B221C3F7BD9C /* [CP] Check Pods Manifest.lock */,
				6131F53227394A8C00A82704 /* Sources */,
				6131F53327394A8C00A82704 /* Frameworks */,
				6131F53427394A8C00A82704 /* Resources */,
				310AA8D8559CFC32E03A0322 /* [CP] Embed Pods Frameworks */,
			);
			buildRules = (
			);
			dependencies = (
			);
			name = natureza;
			packageProductDependencies = (
				6131F55327396A8000A82704 /* SnapKit */,
			);
			productName = natureza;
			productReference = 6131F53627394A8C00A82704 /* natureza.app */;
			productType = "com.apple.product-type.application";
		};
/* End PBXNativeTarget section */

/* Begin PBXProject section */
		6131F52E27394A8C00A82704 /* Project object */ = {
			isa = PBXProject;
			attributes = {
				BuildIndependentTargetsInParallel = 1;
				LastSwiftUpdateCheck = 1310;
				LastUpgradeCheck = 1310;
				TargetAttributes = {
					6131F53527394A8C00A82704 = {
						CreatedOnToolsVersion = 13.1;
					};
				};
			};
			buildConfigurationList = 6131F53127394A8C00A82704 /* Build configuration list for PBXProject "natureza" */;
			compatibilityVersion = "Xcode 13.0";
			developmentRegion = en;
			hasScannedForEncodings = 0;
			knownRegions = (
				en,
				Base,
			);
			mainGroup = 6131F52D27394A8C00A82704;
			packageReferences = (
				6131F55227396A8000A82704 /* XCRemoteSwiftPackageReference "SnapKit" */,
			);
			productRefGroup = 6131F53727394A8C00A82704 /* Products */;
			projectDirPath = "";
			projectRoot = "";
			targets = (
				6131F53527394A8C00A82704 /* natureza */,
			);
		};
/* End PBXProject section */

/* Begin PBXResourcesBuildPhase section */
		6131F53427394A8C00A82704 /* Resources */ = {
			isa = PBXResourcesBuildPhase;
			buildActionMask = 2147483647;
			files = (
				9A19CDA227510EBF00627A1D /* Natour-Onboarding-Parte3.mp4 in Resources */,
				9A19CDA127510EBA00627A1D /* Natour-Onboarding-Parte2.mp4 in Resources */,
				9A19CDA02751040C00627A1D /* Natour-Onboarding-Parte1.mp4 in Resources */,
				6131F54327394A8F00A82704 /* Assets.xcassets in Resources */,
			);
			runOnlyForDeploymentPostprocessing = 0;
		};
/* End PBXResourcesBuildPhase section */

/* Begin PBXShellScriptBuildPhase section */
		310AA8D8559CFC32E03A0322 /* [CP] Embed Pods Frameworks */ = {
			isa = PBXShellScriptBuildPhase;
			buildActionMask = 2147483647;
			files = (
			);
			inputFileListPaths = (
				"${PODS_ROOT}/Target Support Files/Pods-natureza/Pods-natureza-frameworks-${CONFIGURATION}-input-files.xcfilelist",
			);
			name = "[CP] Embed Pods Frameworks";
			outputFileListPaths = (
				"${PODS_ROOT}/Target Support Files/Pods-natureza/Pods-natureza-frameworks-${CONFIGURATION}-output-files.xcfilelist",
			);
			runOnlyForDeploymentPostprocessing = 0;
			shellPath = /bin/sh;
			shellScript = "\"${PODS_ROOT}/Target Support Files/Pods-natureza/Pods-natureza-frameworks.sh\"\n";
			showEnvVarsInLog = 0;
		};
		36D5432568E4B221C3F7BD9C /* [CP] Check Pods Manifest.lock */ = {
			isa = PBXShellScriptBuildPhase;
			buildActionMask = 2147483647;
			files = (
			);
			inputFileListPaths = (
			);
			inputPaths = (
				"${PODS_PODFILE_DIR_PATH}/Podfile.lock",
				"${PODS_ROOT}/Manifest.lock",
			);
			name = "[CP] Check Pods Manifest.lock";
			outputFileListPaths = (
			);
			outputPaths = (
				"$(DERIVED_FILE_DIR)/Pods-natureza-checkManifestLockResult.txt",
			);
			runOnlyForDeploymentPostprocessing = 0;
			shellPath = /bin/sh;
			shellScript = "diff \"${PODS_PODFILE_DIR_PATH}/Podfile.lock\" \"${PODS_ROOT}/Manifest.lock\" > /dev/null\nif [ $? != 0 ] ; then\n    # print error to STDERR\n    echo \"error: The sandbox is not in sync with the Podfile.lock. Run 'pod install' or update your CocoaPods installation.\" >&2\n    exit 1\nfi\n# This output is used by Xcode 'outputs' to avoid re-running this script phase.\necho \"SUCCESS\" > \"${SCRIPT_OUTPUT_FILE_0}\"\n";
			showEnvVarsInLog = 0;
		};
/* End PBXShellScriptBuildPhase section */

/* Begin PBXSourcesBuildPhase section */
		6131F53227394A8C00A82704 /* Sources */ = {
			isa = PBXSourcesBuildPhase;
			buildActionMask = 2147483647;
			files = (
				75E7F8382745440900D5AAB3 /* CollectionViewModel.swift in Sources */,
				755BB4D0273AA0990055563A /* HomeCollectionViewCell.swift in Sources */,
				759941EF27445F4E00580D14 /* AfterShotViewModel.swift in Sources */,
				6131F53E27394A8C00A82704 /* HomeViewController.swift in Sources */,
				759941F22745291C00580D14 /* FIleManagerServices.swift in Sources */,
				6131F53A27394A8C00A82704 /* AppDelegate.swift in Sources */,
				7510296D273E992D009A29D8 /* CameraViewModel.swift in Sources */,
				9A3DB5732745419200D4AD3F /* TabBarViewController.swift in Sources */,
				6131F53C27394A8C00A82704 /* SceneDelegate.swift in Sources */,
				755BB4CE273A9EC10055563A /* HomeCollectionView.swift in Sources */,
				756384DD273BEE47001D1FBC /* CameraViewController.swift in Sources */,
				9A074DFE274BC67300B39D53 /* OnboardingViewController.swift in Sources */,
				754219852743DADE00A40327 /* AfterShotViewController.swift in Sources */,
				759941ED2744524B00580D14 /* CollectionModel.swift in Sources */,
				61DE48C3274A942D00D0FBE5 /* UIColor+.swift in Sources */,
				9A3030972751408200E74B68 /* LaunchScreen.swift in Sources */,
			);
			runOnlyForDeploymentPostprocessing = 0;
		};
/* End PBXSourcesBuildPhase section */

/* Begin XCBuildConfiguration section */
		6131F54827394A8F00A82704 /* Debug */ = {
			isa = XCBuildConfiguration;
			buildSettings = {
				ALWAYS_SEARCH_USER_PATHS = NO;
				CLANG_ANALYZER_NONNULL = YES;
				CLANG_ANALYZER_NUMBER_OBJECT_CONVERSION = YES_AGGRESSIVE;
				CLANG_CXX_LANGUAGE_STANDARD = "gnu++17";
				CLANG_CXX_LIBRARY = "libc++";
				CLANG_ENABLE_MODULES = YES;
				CLANG_ENABLE_OBJC_ARC = YES;
				CLANG_ENABLE_OBJC_WEAK = YES;
				CLANG_WARN_BLOCK_CAPTURE_AUTORELEASING = YES;
				CLANG_WARN_BOOL_CONVERSION = YES;
				CLANG_WARN_COMMA = YES;
				CLANG_WARN_CONSTANT_CONVERSION = YES;
				CLANG_WARN_DEPRECATED_OBJC_IMPLEMENTATIONS = YES;
				CLANG_WARN_DIRECT_OBJC_ISA_USAGE = YES_ERROR;
				CLANG_WARN_DOCUMENTATION_COMMENTS = YES;
				CLANG_WARN_EMPTY_BODY = YES;
				CLANG_WARN_ENUM_CONVERSION = YES;
				CLANG_WARN_INFINITE_RECURSION = YES;
				CLANG_WARN_INT_CONVERSION = YES;
				CLANG_WARN_NON_LITERAL_NULL_CONVERSION = YES;
				CLANG_WARN_OBJC_IMPLICIT_RETAIN_SELF = YES;
				CLANG_WARN_OBJC_LITERAL_CONVERSION = YES;
				CLANG_WARN_OBJC_ROOT_CLASS = YES_ERROR;
				CLANG_WARN_QUOTED_INCLUDE_IN_FRAMEWORK_HEADER = YES;
				CLANG_WARN_RANGE_LOOP_ANALYSIS = YES;
				CLANG_WARN_STRICT_PROTOTYPES = YES;
				CLANG_WARN_SUSPICIOUS_MOVE = YES;
				CLANG_WARN_UNGUARDED_AVAILABILITY = YES_AGGRESSIVE;
				CLANG_WARN_UNREACHABLE_CODE = YES;
				CLANG_WARN__DUPLICATE_METHOD_MATCH = YES;
				COPY_PHASE_STRIP = NO;
				DEBUG_INFORMATION_FORMAT = dwarf;
				ENABLE_STRICT_OBJC_MSGSEND = YES;
				ENABLE_TESTABILITY = YES;
				GCC_C_LANGUAGE_STANDARD = gnu11;
				GCC_DYNAMIC_NO_PIC = NO;
				GCC_NO_COMMON_BLOCKS = YES;
				GCC_OPTIMIZATION_LEVEL = 0;
				GCC_PREPROCESSOR_DEFINITIONS = (
					"DEBUG=1",
					"$(inherited)",
				);
				GCC_WARN_64_TO_32_BIT_CONVERSION = YES;
				GCC_WARN_ABOUT_RETURN_TYPE = YES_ERROR;
				GCC_WARN_UNDECLARED_SELECTOR = YES;
				GCC_WARN_UNINITIALIZED_AUTOS = YES_AGGRESSIVE;
				GCC_WARN_UNUSED_FUNCTION = YES;
				GCC_WARN_UNUSED_VARIABLE = YES;
				IPHONEOS_DEPLOYMENT_TARGET = 15.0;
				MTL_ENABLE_DEBUG_INFO = INCLUDE_SOURCE;
				MTL_FAST_MATH = YES;
				ONLY_ACTIVE_ARCH = YES;
				SDKROOT = iphoneos;
				SWIFT_ACTIVE_COMPILATION_CONDITIONS = DEBUG;
				SWIFT_OPTIMIZATION_LEVEL = "-Onone";
			};
			name = Debug;
		};
		6131F54927394A8F00A82704 /* Release */ = {
			isa = XCBuildConfiguration;
			buildSettings = {
				ALWAYS_SEARCH_USER_PATHS = NO;
				CLANG_ANALYZER_NONNULL = YES;
				CLANG_ANALYZER_NUMBER_OBJECT_CONVERSION = YES_AGGRESSIVE;
				CLANG_CXX_LANGUAGE_STANDARD = "gnu++17";
				CLANG_CXX_LIBRARY = "libc++";
				CLANG_ENABLE_MODULES = YES;
				CLANG_ENABLE_OBJC_ARC = YES;
				CLANG_ENABLE_OBJC_WEAK = YES;
				CLANG_WARN_BLOCK_CAPTURE_AUTORELEASING = YES;
				CLANG_WARN_BOOL_CONVERSION = YES;
				CLANG_WARN_COMMA = YES;
				CLANG_WARN_CONSTANT_CONVERSION = YES;
				CLANG_WARN_DEPRECATED_OBJC_IMPLEMENTATIONS = YES;
				CLANG_WARN_DIRECT_OBJC_ISA_USAGE = YES_ERROR;
				CLANG_WARN_DOCUMENTATION_COMMENTS = YES;
				CLANG_WARN_EMPTY_BODY = YES;
				CLANG_WARN_ENUM_CONVERSION = YES;
				CLANG_WARN_INFINITE_RECURSION = YES;
				CLANG_WARN_INT_CONVERSION = YES;
				CLANG_WARN_NON_LITERAL_NULL_CONVERSION = YES;
				CLANG_WARN_OBJC_IMPLICIT_RETAIN_SELF = YES;
				CLANG_WARN_OBJC_LITERAL_CONVERSION = YES;
				CLANG_WARN_OBJC_ROOT_CLASS = YES_ERROR;
				CLANG_WARN_QUOTED_INCLUDE_IN_FRAMEWORK_HEADER = YES;
				CLANG_WARN_RANGE_LOOP_ANALYSIS = YES;
				CLANG_WARN_STRICT_PROTOTYPES = YES;
				CLANG_WARN_SUSPICIOUS_MOVE = YES;
				CLANG_WARN_UNGUARDED_AVAILABILITY = YES_AGGRESSIVE;
				CLANG_WARN_UNREACHABLE_CODE = YES;
				CLANG_WARN__DUPLICATE_METHOD_MATCH = YES;
				COPY_PHASE_STRIP = NO;
				DEBUG_INFORMATION_FORMAT = "dwarf-with-dsym";
				ENABLE_NS_ASSERTIONS = NO;
				ENABLE_STRICT_OBJC_MSGSEND = YES;
				GCC_C_LANGUAGE_STANDARD = gnu11;
				GCC_NO_COMMON_BLOCKS = YES;
				GCC_WARN_64_TO_32_BIT_CONVERSION = YES;
				GCC_WARN_ABOUT_RETURN_TYPE = YES_ERROR;
				GCC_WARN_UNDECLARED_SELECTOR = YES;
				GCC_WARN_UNINITIALIZED_AUTOS = YES_AGGRESSIVE;
				GCC_WARN_UNUSED_FUNCTION = YES;
				GCC_WARN_UNUSED_VARIABLE = YES;
				IPHONEOS_DEPLOYMENT_TARGET = 15.0;
				MTL_ENABLE_DEBUG_INFO = NO;
				MTL_FAST_MATH = YES;
				SDKROOT = iphoneos;
				SWIFT_COMPILATION_MODE = wholemodule;
				SWIFT_OPTIMIZATION_LEVEL = "-O";
				VALIDATE_PRODUCT = YES;
			};
			name = Release;
		};
		6131F54B27394A8F00A82704 /* Debug */ = {
			isa = XCBuildConfiguration;
			baseConfigurationReference = BACB4279A0495528882EDA81 /* Pods-natureza.debug.xcconfig */;
			buildSettings = {
				ASSETCATALOG_COMPILER_APPICON_NAME = AppIcon;
				ASSETCATALOG_COMPILER_GLOBAL_ACCENT_COLOR_NAME = AccentColor;
				CODE_SIGN_STYLE = Automatic;
				CURRENT_PROJECT_VERSION = 1;
				DEVELOPMENT_TEAM = 46LT924HJ5;
				GENERATE_INFOPLIST_FILE = YES;
				INFOPLIST_FILE = natureza/Info.plist;
				INFOPLIST_KEY_UIApplicationSupportsIndirectInputEvents = YES;
				INFOPLIST_KEY_UIRequiresFullScreen = YES;
				INFOPLIST_KEY_UISupportedInterfaceOrientations_iPad = "UIInterfaceOrientationPortrait UIInterfaceOrientationPortraitUpsideDown UIInterfaceOrientationLandscapeLeft UIInterfaceOrientationLandscapeRight";
				INFOPLIST_KEY_UISupportedInterfaceOrientations_iPhone = "UIInterfaceOrientationPortrait UIInterfaceOrientationLandscapeLeft UIInterfaceOrientationLandscapeRight";
				LD_RUNPATH_SEARCH_PATHS = (
					"$(inherited)",
					"@executable_path/Frameworks",
				);
				MARKETING_VERSION = 1.0;
				PRODUCT_BUNDLE_IDENTIFIER = andre.natureza;
				PRODUCT_NAME = "$(TARGET_NAME)";
				SWIFT_EMIT_LOC_STRINGS = YES;
				SWIFT_VERSION = 5.0;
				TARGETED_DEVICE_FAMILY = "1,2";
			};
			name = Debug;
		};
		6131F54C27394A8F00A82704 /* Release */ = {
			isa = XCBuildConfiguration;
			baseConfigurationReference = F719093FF9D94F525D863EF7 /* Pods-natureza.release.xcconfig */;
			buildSettings = {
				ASSETCATALOG_COMPILER_APPICON_NAME = AppIcon;
				ASSETCATALOG_COMPILER_GLOBAL_ACCENT_COLOR_NAME = AccentColor;
				CODE_SIGN_STYLE = Automatic;
				CURRENT_PROJECT_VERSION = 1;
				DEVELOPMENT_TEAM = 46LT924HJ5;
				GENERATE_INFOPLIST_FILE = YES;
				INFOPLIST_FILE = natureza/Info.plist;
				INFOPLIST_KEY_UIApplicationSupportsIndirectInputEvents = YES;
				INFOPLIST_KEY_UIRequiresFullScreen = YES;
				INFOPLIST_KEY_UISupportedInterfaceOrientations_iPad = "UIInterfaceOrientationPortrait UIInterfaceOrientationPortraitUpsideDown UIInterfaceOrientationLandscapeLeft UIInterfaceOrientationLandscapeRight";
				INFOPLIST_KEY_UISupportedInterfaceOrientations_iPhone = "UIInterfaceOrientationPortrait UIInterfaceOrientationLandscapeLeft UIInterfaceOrientationLandscapeRight";
				LD_RUNPATH_SEARCH_PATHS = (
					"$(inherited)",
					"@executable_path/Frameworks",
				);
				MARKETING_VERSION = 1.0;
				PRODUCT_BUNDLE_IDENTIFIER = andre.natureza;
				PRODUCT_NAME = "$(TARGET_NAME)";
				SWIFT_EMIT_LOC_STRINGS = YES;
				SWIFT_VERSION = 5.0;
				TARGETED_DEVICE_FAMILY = "1,2";
			};
			name = Release;
		};
/* End XCBuildConfiguration section */

/* Begin XCConfigurationList section */
		6131F53127394A8C00A82704 /* Build configuration list for PBXProject "natureza" */ = {
			isa = XCConfigurationList;
			buildConfigurations = (
				6131F54827394A8F00A82704 /* Debug */,
				6131F54927394A8F00A82704 /* Release */,
			);
			defaultConfigurationIsVisible = 0;
			defaultConfigurationName = Release;
		};
		6131F54A27394A8F00A82704 /* Build configuration list for PBXNativeTarget "natureza" */ = {
			isa = XCConfigurationList;
			buildConfigurations = (
				6131F54B27394A8F00A82704 /* Debug */,
				6131F54C27394A8F00A82704 /* Release */,
			);
			defaultConfigurationIsVisible = 0;
			defaultConfigurationName = Release;
		};
/* End XCConfigurationList section */

/* Begin XCRemoteSwiftPackageReference section */
		6131F55227396A8000A82704 /* XCRemoteSwiftPackageReference "SnapKit" */ = {
			isa = XCRemoteSwiftPackageReference;
			repositoryURL = "https://github.com/SnapKit/SnapKit";
			requirement = {
				kind = upToNextMajorVersion;
				minimumVersion = 5.0.0;
			};
		};
/* End XCRemoteSwiftPackageReference section */

/* Begin XCSwiftPackageProductDependency section */
		6131F55327396A8000A82704 /* SnapKit */ = {
			isa = XCSwiftPackageProductDependency;
			package = 6131F55227396A8000A82704 /* XCRemoteSwiftPackageReference "SnapKit" */;
			productName = SnapKit;
		};
/* End XCSwiftPackageProductDependency section */
	};
	rootObject = 6131F52E27394A8C00A82704 /* Project object */;
}
